// !$*UTF8*$!
{
	archiveVersion = 1;
	classes = {
	};
	objectVersion = 50;
	objects = {

/* Begin PBXBuildFile section */
		9015DA1122F8786A00F7549A /* AppDelegate.swift in Sources */ = {isa = PBXBuildFile; fileRef = 9015DA1022F8786A00F7549A /* AppDelegate.swift */; };
		9015DA1622F8786B00F7549A /* Main.storyboard in Resources */ = {isa = PBXBuildFile; fileRef = 9015DA1422F8786B00F7549A /* Main.storyboard */; };
		9015DA1822F8786C00F7549A /* Assets.xcassets in Resources */ = {isa = PBXBuildFile; fileRef = 9015DA1722F8786C00F7549A /* Assets.xcassets */; };
		9015DA1B22F8786C00F7549A /* LaunchScreen.storyboard in Resources */ = {isa = PBXBuildFile; fileRef = 9015DA1922F8786C00F7549A /* LaunchScreen.storyboard */; };
		9015DA2622F8786C00F7549A /* NewsAppTests.swift in Sources */ = {isa = PBXBuildFile; fileRef = 9015DA2522F8786C00F7549A /* NewsAppTests.swift */; };
		9015DA3122F8786C00F7549A /* NewsAppUITests.swift in Sources */ = {isa = PBXBuildFile; fileRef = 9015DA3022F8786C00F7549A /* NewsAppUITests.swift */; };
		9015DA4222F8795900F7549A /* News.swift in Sources */ = {isa = PBXBuildFile; fileRef = 9015DA4122F8795900F7549A /* News.swift */; };
		9015DA4522F87AA900F7549A /* WebService.swift in Sources */ = {isa = PBXBuildFile; fileRef = 9015DA4422F87AA900F7549A /* WebService.swift */; };
		9015DA4722F8819900F7549A /* NewsTableViewController.swift in Sources */ = {isa = PBXBuildFile; fileRef = 9015DA4622F8819900F7549A /* NewsTableViewController.swift */; };
		9015DA4922F8856900F7549A /* NewsViewModel.swift in Sources */ = {isa = PBXBuildFile; fileRef = 9015DA4822F8856900F7549A /* NewsViewModel.swift */; };
		9015DA4C22F894A200F7549A /* NewsTableViewCell.swift in Sources */ = {isa = PBXBuildFile; fileRef = 9015DA4B22F894A200F7549A /* NewsTableViewCell.swift */; };
		9015DA4E22F8D05800F7549A /* Article.swift in Sources */ = {isa = PBXBuildFile; fileRef = 9015DA4D22F8D05800F7549A /* Article.swift */; };
		9015DA5022F8E9F300F7549A /* HeadlineTableViewCell.swift in Sources */ = {isa = PBXBuildFile; fileRef = 9015DA4F22F8E9F300F7549A /* HeadlineTableViewCell.swift */; };
		9015DA5722F8F69000F7549A /* ArticleViewController.swift in Sources */ = {isa = PBXBuildFile; fileRef = 9015DA5622F8F69000F7549A /* ArticleViewController.swift */; };
		9015DA5922F9034300F7549A /* ArticleViewModel.swift in Sources */ = {isa = PBXBuildFile; fileRef = 9015DA5822F9034300F7549A /* ArticleViewModel.swift */; };
		9015DA5B22F966EC00F7549A /* UIImageView+Extension.swift in Sources */ = {isa = PBXBuildFile; fileRef = 9015DA5A22F966EC00F7549A /* UIImageView+Extension.swift */; };
/* End PBXBuildFile section */

/* Begin PBXContainerItemProxy section */
		9015DA2222F8786C00F7549A /* PBXContainerItemProxy */ = {
			isa = PBXContainerItemProxy;
			containerPortal = 9015DA0522F8786A00F7549A /* Project object */;
			proxyType = 1;
			remoteGlobalIDString = 9015DA0C22F8786A00F7549A;
			remoteInfo = NewsApp;
		};
		9015DA2D22F8786C00F7549A /* PBXContainerItemProxy */ = {
			isa = PBXContainerItemProxy;
			containerPortal = 9015DA0522F8786A00F7549A /* Project object */;
			proxyType = 1;
			remoteGlobalIDString = 9015DA0C22F8786A00F7549A;
			remoteInfo = NewsApp;
		};
/* End PBXContainerItemProxy section */

/* Begin PBXFileReference section */
		9015DA0D22F8786A00F7549A /* NewsApp.app */ = {isa = PBXFileReference; explicitFileType = wrapper.application; includeInIndex = 0; path = NewsApp.app; sourceTree = BUILT_PRODUCTS_DIR; };
		9015DA1022F8786A00F7549A /* AppDelegate.swift */ = {isa = PBXFileReference; lastKnownFileType = sourcecode.swift; path = AppDelegate.swift; sourceTree = "<group>"; };
		9015DA1522F8786B00F7549A /* Base */ = {isa = PBXFileReference; lastKnownFileType = file.storyboard; name = Base; path = Base.lproj/Main.storyboard; sourceTree = "<group>"; };
		9015DA1722F8786C00F7549A /* Assets.xcassets */ = {isa = PBXFileReference; lastKnownFileType = folder.assetcatalog; path = Assets.xcassets; sourceTree = "<group>"; };
		9015DA1A22F8786C00F7549A /* Base */ = {isa = PBXFileReference; lastKnownFileType = file.storyboard; name = Base; path = Base.lproj/LaunchScreen.storyboard; sourceTree = "<group>"; };
		9015DA1C22F8786C00F7549A /* Info.plist */ = {isa = PBXFileReference; lastKnownFileType = text.plist.xml; path = Info.plist; sourceTree = "<group>"; };
		9015DA2122F8786C00F7549A /* NewsAppTests.xctest */ = {isa = PBXFileReference; explicitFileType = wrapper.cfbundle; includeInIndex = 0; path = NewsAppTests.xctest; sourceTree = BUILT_PRODUCTS_DIR; };
		9015DA2522F8786C00F7549A /* NewsAppTests.swift */ = {isa = PBXFileReference; lastKnownFileType = sourcecode.swift; path = NewsAppTests.swift; sourceTree = "<group>"; };
		9015DA2722F8786C00F7549A /* Info.plist */ = {isa = PBXFileReference; lastKnownFileType = text.plist.xml; path = Info.plist; sourceTree = "<group>"; };
		9015DA2C22F8786C00F7549A /* NewsAppUITests.xctest */ = {isa = PBXFileReference; explicitFileType = wrapper.cfbundle; includeInIndex = 0; path = NewsAppUITests.xctest; sourceTree = BUILT_PRODUCTS_DIR; };
		9015DA3022F8786C00F7549A /* NewsAppUITests.swift */ = {isa = PBXFileReference; lastKnownFileType = sourcecode.swift; path = NewsAppUITests.swift; sourceTree = "<group>"; };
		9015DA3222F8786C00F7549A /* Info.plist */ = {isa = PBXFileReference; lastKnownFileType = text.plist.xml; path = Info.plist; sourceTree = "<group>"; };
		9015DA4122F8795900F7549A /* News.swift */ = {isa = PBXFileReference; lastKnownFileType = sourcecode.swift; path = News.swift; sourceTree = "<group>"; };
		9015DA4422F87AA900F7549A /* WebService.swift */ = {isa = PBXFileReference; lastKnownFileType = sourcecode.swift; path = WebService.swift; sourceTree = "<group>"; };
		9015DA4622F8819900F7549A /* NewsTableViewController.swift */ = {isa = PBXFileReference; lastKnownFileType = sourcecode.swift; path = NewsTableViewController.swift; sourceTree = "<group>"; };
		9015DA4822F8856900F7549A /* NewsViewModel.swift */ = {isa = PBXFileReference; lastKnownFileType = sourcecode.swift; path = NewsViewModel.swift; sourceTree = "<group>"; };
		9015DA4B22F894A200F7549A /* NewsTableViewCell.swift */ = {isa = PBXFileReference; lastKnownFileType = sourcecode.swift; path = NewsTableViewCell.swift; sourceTree = "<group>"; };
		9015DA4D22F8D05800F7549A /* Article.swift */ = {isa = PBXFileReference; lastKnownFileType = sourcecode.swift; path = Article.swift; sourceTree = "<group>"; };
		9015DA4F22F8E9F300F7549A /* HeadlineTableViewCell.swift */ = {isa = PBXFileReference; lastKnownFileType = sourcecode.swift; path = HeadlineTableViewCell.swift; sourceTree = "<group>"; };
		9015DA5622F8F69000F7549A /* ArticleViewController.swift */ = {isa = PBXFileReference; lastKnownFileType = sourcecode.swift; path = ArticleViewController.swift; sourceTree = "<group>"; };
		9015DA5822F9034300F7549A /* ArticleViewModel.swift */ = {isa = PBXFileReference; lastKnownFileType = sourcecode.swift; path = ArticleViewModel.swift; sourceTree = "<group>"; };
		9015DA5A22F966EC00F7549A /* UIImageView+Extension.swift */ = {isa = PBXFileReference; lastKnownFileType = sourcecode.swift; path = "UIImageView+Extension.swift"; sourceTree = "<group>"; };
/* End PBXFileReference section */

/* Begin PBXFrameworksBuildPhase section */
		9015DA0A22F8786A00F7549A /* Frameworks */ = {
			isa = PBXFrameworksBuildPhase;
			buildActionMask = 2147483647;
			files = (
			);
			runOnlyForDeploymentPostprocessing = 0;
		};
		9015DA1E22F8786C00F7549A /* Frameworks */ = {
			isa = PBXFrameworksBuildPhase;
			buildActionMask = 2147483647;
			files = (
			);
			runOnlyForDeploymentPostprocessing = 0;
		};
		9015DA2922F8786C00F7549A /* Frameworks */ = {
			isa = PBXFrameworksBuildPhase;
			buildActionMask = 2147483647;
			files = (
			);
			runOnlyForDeploymentPostprocessing = 0;
		};
/* End PBXFrameworksBuildPhase section */

/* Begin PBXGroup section */
		9015DA0422F8786A00F7549A = {
			isa = PBXGroup;
			children = (
				9015DA0F22F8786A00F7549A /* NewsApp */,
				9015DA2422F8786C00F7549A /* NewsAppTests */,
				9015DA2F22F8786C00F7549A /* NewsAppUITests */,
				9015DA0E22F8786A00F7549A /* Products */,
			);
			sourceTree = "<group>";
		};
		9015DA0E22F8786A00F7549A /* Products */ = {
			isa = PBXGroup;
			children = (
				9015DA0D22F8786A00F7549A /* NewsApp.app */,
				9015DA2122F8786C00F7549A /* NewsAppTests.xctest */,
				9015DA2C22F8786C00F7549A /* NewsAppUITests.xctest */,
			);
			name = Products;
			sourceTree = "<group>";
		};
		9015DA0F22F8786A00F7549A /* NewsApp */ = {
			isa = PBXGroup;
			children = (
				9015DA5122F8F3D600F7549A /* Extensions */,
				9015DA4A22F8946300F7549A /* Cells */,
				9015DA4322F87A9400F7549A /* Services */,
				9015DA4022F878E400F7549A /* View Models */,
				9015DA3F22F878D400F7549A /* Models */,
				9015DA3E22F8787E00F7549A /* View Controllers */,
				9015DA1022F8786A00F7549A /* AppDelegate.swift */,
				9015DA1422F8786B00F7549A /* Main.storyboard */,
				9015DA1722F8786C00F7549A /* Assets.xcassets */,
				9015DA1922F8786C00F7549A /* LaunchScreen.storyboard */,
				9015DA1C22F8786C00F7549A /* Info.plist */,
			);
			path = NewsApp;
			sourceTree = "<group>";
		};
		9015DA2422F8786C00F7549A /* NewsAppTests */ = {
			isa = PBXGroup;
			children = (
				9015DA2522F8786C00F7549A /* NewsAppTests.swift */,
				9015DA2722F8786C00F7549A /* Info.plist */,
			);
			path = NewsAppTests;
			sourceTree = "<group>";
		};
		9015DA2F22F8786C00F7549A /* NewsAppUITests */ = {
			isa = PBXGroup;
			children = (
				9015DA3022F8786C00F7549A /* NewsAppUITests.swift */,
				9015DA3222F8786C00F7549A /* Info.plist */,
			);
			path = NewsAppUITests;
			sourceTree = "<group>";
		};
		9015DA3E22F8787E00F7549A /* View Controllers */ = {
			isa = PBXGroup;
			children = (
				9015DA4622F8819900F7549A /* NewsTableViewController.swift */,
				9015DA5622F8F69000F7549A /* ArticleViewController.swift */,
			);
			path = "View Controllers";
			sourceTree = "<group>";
		};
		9015DA3F22F878D400F7549A /* Models */ = {
			isa = PBXGroup;
			children = (
				9015DA4122F8795900F7549A /* News.swift */,
				9015DA4D22F8D05800F7549A /* Article.swift */,
			);
			path = Models;
			sourceTree = "<group>";
		};
		9015DA4022F878E400F7549A /* View Models */ = {
			isa = PBXGroup;
			children = (
				9015DA4822F8856900F7549A /* NewsViewModel.swift */,
				9015DA5822F9034300F7549A /* ArticleViewModel.swift */,
			);
			path = "View Models";
			sourceTree = "<group>";
		};
		9015DA4322F87A9400F7549A /* Services */ = {
			isa = PBXGroup;
			children = (
				9015DA4422F87AA900F7549A /* WebService.swift */,
			);
			path = Services;
			sourceTree = "<group>";
		};
		9015DA4A22F8946300F7549A /* Cells */ = {
			isa = PBXGroup;
			children = (
				9015DA4B22F894A200F7549A /* NewsTableViewCell.swift */,
				9015DA4F22F8E9F300F7549A /* HeadlineTableViewCell.swift */,
			);
			path = Cells;
			sourceTree = "<group>";
		};
		9015DA5122F8F3D600F7549A /* Extensions */ = {
			isa = PBXGroup;
			children = (
				9015DA5A22F966EC00F7549A /* UIImageView+Extension.swift */,
			);
			path = Extensions;
			sourceTree = "<group>";
		};
/* End PBXGroup section */

/* Begin PBXNativeTarget section */
		9015DA0C22F8786A00F7549A /* NewsApp */ = {
			isa = PBXNativeTarget;
			buildConfigurationList = 9015DA3522F8786C00F7549A /* Build configuration list for PBXNativeTarget "NewsApp" */;
			buildPhases = (
				9015DA0922F8786A00F7549A /* Sources */,
				9015DA0A22F8786A00F7549A /* Frameworks */,
				9015DA0B22F8786A00F7549A /* Resources */,
			);
			buildRules = (
			);
			dependencies = (
			);
			name = NewsApp;
			productName = NewsApp;
			productReference = 9015DA0D22F8786A00F7549A /* NewsApp.app */;
			productType = "com.apple.product-type.application";
		};
		9015DA2022F8786C00F7549A /* NewsAppTests */ = {
			isa = PBXNativeTarget;
			buildConfigurationList = 9015DA3822F8786C00F7549A /* Build configuration list for PBXNativeTarget "NewsAppTests" */;
			buildPhases = (
				9015DA1D22F8786C00F7549A /* Sources */,
				9015DA1E22F8786C00F7549A /* Frameworks */,
				9015DA1F22F8786C00F7549A /* Resources */,
			);
			buildRules = (
			);
			dependencies = (
				9015DA2322F8786C00F7549A /* PBXTargetDependency */,
			);
			name = NewsAppTests;
			productName = NewsAppTests;
			productReference = 9015DA2122F8786C00F7549A /* NewsAppTests.xctest */;
			productType = "com.apple.product-type.bundle.unit-test";
		};
		9015DA2B22F8786C00F7549A /* NewsAppUITests */ = {
			isa = PBXNativeTarget;
			buildConfigurationList = 9015DA3B22F8786C00F7549A /* Build configuration list for PBXNativeTarget "NewsAppUITests" */;
			buildPhases = (
				9015DA2822F8786C00F7549A /* Sources */,
				9015DA2922F8786C00F7549A /* Frameworks */,
				9015DA2A22F8786C00F7549A /* Resources */,
			);
			buildRules = (
			);
			dependencies = (
				9015DA2E22F8786C00F7549A /* PBXTargetDependency */,
			);
			name = NewsAppUITests;
			productName = NewsAppUITests;
			productReference = 9015DA2C22F8786C00F7549A /* NewsAppUITests.xctest */;
			productType = "com.apple.product-type.bundle.ui-testing";
		};
/* End PBXNativeTarget section */

/* Begin PBXProject section */
		9015DA0522F8786A00F7549A /* Project object */ = {
			isa = PBXProject;
			attributes = {
				LastSwiftUpdateCheck = 1020;
				LastUpgradeCheck = 1020;
				ORGANIZATIONNAME = "Gontse Ranoto";
				TargetAttributes = {
					9015DA0C22F8786A00F7549A = {
						CreatedOnToolsVersion = 10.2.1;
					};
					9015DA2022F8786C00F7549A = {
						CreatedOnToolsVersion = 10.2.1;
						TestTargetID = 9015DA0C22F8786A00F7549A;
					};
					9015DA2B22F8786C00F7549A = {
						CreatedOnToolsVersion = 10.2.1;
						TestTargetID = 9015DA0C22F8786A00F7549A;
					};
				};
			};
			buildConfigurationList = 9015DA0822F8786A00F7549A /* Build configuration list for PBXProject "NewsApp" */;
			compatibilityVersion = "Xcode 9.3";
			developmentRegion = en;
			hasScannedForEncodings = 0;
			knownRegions = (
				en,
				Base,
			);
			mainGroup = 9015DA0422F8786A00F7549A;
			productRefGroup = 9015DA0E22F8786A00F7549A /* Products */;
			projectDirPath = "";
			projectRoot = "";
			targets = (
				9015DA0C22F8786A00F7549A /* NewsApp */,
				9015DA2022F8786C00F7549A /* NewsAppTests */,
				9015DA2B22F8786C00F7549A /* NewsAppUITests */,
			);
		};
/* End PBXProject section */

/* Begin PBXResourcesBuildPhase section */
		9015DA0B22F8786A00F7549A /* Resources */ = {
			isa = PBXResourcesBuildPhase;
			buildActionMask = 2147483647;
			files = (
				9015DA1B22F8786C00F7549A /* LaunchScreen.storyboard in Resources */,
				9015DA1822F8786C00F7549A /* Assets.xcassets in Resources */,
				9015DA1622F8786B00F7549A /* Main.storyboard in Resources */,
			);
			runOnlyForDeploymentPostprocessing = 0;
		};
		9015DA1F22F8786C00F7549A /* Resources */ = {
			isa = PBXResourcesBuildPhase;
			buildActionMask = 2147483647;
			files = (
			);
			runOnlyForDeploymentPostprocessing = 0;
		};
		9015DA2A22F8786C00F7549A /* Resources */ = {
			isa = PBXResourcesBuildPhase;
			buildActionMask = 2147483647;
			files = (
			);
			runOnlyForDeploymentPostprocessing = 0;
		};
/* End PBXResourcesBuildPhase section */

/* Begin PBXSourcesBuildPhase section */
		9015DA0922F8786A00F7549A /* Sources */ = {
			isa = PBXSourcesBuildPhase;
			buildActionMask = 2147483647;
			files = (
				9015DA4E22F8D05800F7549A /* Article.swift in Sources */,
				9015DA4722F8819900F7549A /* NewsTableViewController.swift in Sources */,
				9015DA4222F8795900F7549A /* News.swift in Sources */,
				9015DA5922F9034300F7549A /* ArticleViewModel.swift in Sources */,
				9015DA5022F8E9F300F7549A /* HeadlineTableViewCell.swift in Sources */,
				9015DA5722F8F69000F7549A /* ArticleViewController.swift in Sources */,
				9015DA4C22F894A200F7549A /* NewsTableViewCell.swift in Sources */,
				9015DA5B22F966EC00F7549A /* UIImageView+Extension.swift in Sources */,
				9015DA4922F8856900F7549A /* NewsViewModel.swift in Sources */,
				9015DA4522F87AA900F7549A /* WebService.swift in Sources */,
				9015DA1122F8786A00F7549A /* AppDelegate.swift in Sources */,
			);
			runOnlyForDeploymentPostprocessing = 0;
		};
		9015DA1D22F8786C00F7549A /* Sources */ = {
			isa = PBXSourcesBuildPhase;
			buildActionMask = 2147483647;
			files = (
				9015DA2622F8786C00F7549A /* NewsAppTests.swift in Sources */,
			);
			runOnlyForDeploymentPostprocessing = 0;
		};
		9015DA2822F8786C00F7549A /* Sources */ = {
			isa = PBXSourcesBuildPhase;
			buildActionMask = 2147483647;
			files = (
				9015DA3122F8786C00F7549A /* NewsAppUITests.swift in Sources */,
			);
			runOnlyForDeploymentPostprocessing = 0;
		};
/* End PBXSourcesBuildPhase section */

/* Begin PBXTargetDependency section */
		9015DA2322F8786C00F7549A /* PBXTargetDependency */ = {
			isa = PBXTargetDependency;
			target = 9015DA0C22F8786A00F7549A /* NewsApp */;
			targetProxy = 9015DA2222F8786C00F7549A /* PBXContainerItemProxy */;
		};
		9015DA2E22F8786C00F7549A /* PBXTargetDependency */ = {
			isa = PBXTargetDependency;
			target = 9015DA0C22F8786A00F7549A /* NewsApp */;
			targetProxy = 9015DA2D22F8786C00F7549A /* PBXContainerItemProxy */;
		};
/* End PBXTargetDependency section */

/* Begin PBXVariantGroup section */
		9015DA1422F8786B00F7549A /* Main.storyboard */ = {
			isa = PBXVariantGroup;
			children = (
				9015DA1522F8786B00F7549A /* Base */,
			);
			name = Main.storyboard;
			sourceTree = "<group>";
		};
		9015DA1922F8786C00F7549A /* LaunchScreen.storyboard */ = {
			isa = PBXVariantGroup;
			children = (
				9015DA1A22F8786C00F7549A /* Base */,
			);
			name = LaunchScreen.storyboard;
			sourceTree = "<group>";
		};
/* End PBXVariantGroup section */

/* Begin XCBuildConfiguration section */
		9015DA3322F8786C00F7549A /* Debug */ = {
			isa = XCBuildConfiguration;
			buildSettings = {
				ALWAYS_SEARCH_USER_PATHS = NO;
				CLANG_ANALYZER_NONNULL = YES;
				CLANG_ANALYZER_NUMBER_OBJECT_CONVERSION = YES_AGGRESSIVE;
				CLANG_CXX_LANGUAGE_STANDARD = "gnu++14";
				CLANG_CXX_LIBRARY = "libc++";
				CLANG_ENABLE_MODULES = YES;
				CLANG_ENABLE_OBJC_ARC = YES;
				CLANG_ENABLE_OBJC_WEAK = YES;
				CLANG_WARN_BLOCK_CAPTURE_AUTORELEASING = YES;
				CLANG_WARN_BOOL_CONVERSION = YES;
				CLANG_WARN_COMMA = YES;
				CLANG_WARN_CONSTANT_CONVERSION = YES;
				CLANG_WARN_DEPRECATED_OBJC_IMPLEMENTATIONS = YES;
				CLANG_WARN_DIRECT_OBJC_ISA_USAGE = YES_ERROR;
				CLANG_WARN_DOCUMENTATION_COMMENTS = YES;
				CLANG_WARN_EMPTY_BODY = YES;
				CLANG_WARN_ENUM_CONVERSION = YES;
				CLANG_WARN_INFINITE_RECURSION = YES;
				CLANG_WARN_INT_CONVERSION = YES;
				CLANG_WARN_NON_LITERAL_NULL_CONVERSION = YES;
				CLANG_WARN_OBJC_IMPLICIT_RETAIN_SELF = YES;
				CLANG_WARN_OBJC_LITERAL_CONVERSION = YES;
				CLANG_WARN_OBJC_ROOT_CLASS = YES_ERROR;
				CLANG_WARN_RANGE_LOOP_ANALYSIS = YES;
				CLANG_WARN_STRICT_PROTOTYPES = YES;
				CLANG_WARN_SUSPICIOUS_MOVE = YES;
				CLANG_WARN_UNGUARDED_AVAILABILITY = YES_AGGRESSIVE;
				CLANG_WARN_UNREACHABLE_CODE = YES;
				CLANG_WARN__DUPLICATE_METHOD_MATCH = YES;
				CODE_SIGN_IDENTITY = "iPhone Developer";
				COPY_PHASE_STRIP = NO;
				DEBUG_INFORMATION_FORMAT = dwarf;
				ENABLE_STRICT_OBJC_MSGSEND = YES;
				ENABLE_TESTABILITY = YES;
				GCC_C_LANGUAGE_STANDARD = gnu11;
				GCC_DYNAMIC_NO_PIC = NO;
				GCC_NO_COMMON_BLOCKS = YES;
				GCC_OPTIMIZATION_LEVEL = 0;
				GCC_PREPROCESSOR_DEFINITIONS = (
					"DEBUG=1",
					"$(inherited)",
				);
				GCC_WARN_64_TO_32_BIT_CONVERSION = YES;
				GCC_WARN_ABOUT_RETURN_TYPE = YES_ERROR;
				GCC_WARN_UNDECLARED_SELECTOR = YES;
				GCC_WARN_UNINITIALIZED_AUTOS = YES_AGGRESSIVE;
				GCC_WARN_UNUSED_FUNCTION = YES;
				GCC_WARN_UNUSED_VARIABLE = YES;
				IPHONEOS_DEPLOYMENT_TARGET = 12.2;
				MTL_ENABLE_DEBUG_INFO = INCLUDE_SOURCE;
				MTL_FAST_MATH = YES;
				ONLY_ACTIVE_ARCH = YES;
				SDKROOT = iphoneos;
				SWIFT_ACTIVE_COMPILATION_CONDITIONS = DEBUG;
				SWIFT_OPTIMIZATION_LEVEL = "-Onone";
			};
			name = Debug;
		};
		9015DA3422F8786C00F7549A /* Release */ = {
			isa = XCBuildConfiguration;
			buildSettings = {
				ALWAYS_SEARCH_USER_PATHS = NO;
				CLANG_ANALYZER_NONNULL = YES;
				CLANG_ANALYZER_NUMBER_OBJECT_CONVERSION = YES_AGGRESSIVE;
				CLANG_CXX_LANGUAGE_STANDARD = "gnu++14";
				CLANG_CXX_LIBRARY = "libc++";
				CLANG_ENABLE_MODULES = YES;
				CLANG_ENABLE_OBJC_ARC = YES;
				CLANG_ENABLE_OBJC_WEAK = YES;
				CLANG_WARN_BLOCK_CAPTURE_AUTORELEASING = YES;
				CLANG_WARN_BOOL_CONVERSION = YES;
				CLANG_WARN_COMMA = YES;
				CLANG_WARN_CONSTANT_CONVERSION = YES;
				CLANG_WARN_DEPRECATED_OBJC_IMPLEMENTATIONS = YES;
				CLANG_WARN_DIRECT_OBJC_ISA_USAGE = YES_ERROR;
				CLANG_WARN_DOCUMENTATION_COMMENTS = YES;
				CLANG_WARN_EMPTY_BODY = YES;
				CLANG_WARN_ENUM_CONVERSION = YES;
				CLANG_WARN_INFINITE_RECURSION = YES;
				CLANG_WARN_INT_CONVERSION = YES;
				CLANG_WARN_NON_LITERAL_NULL_CONVERSION = YES;
				CLANG_WARN_OBJC_IMPLICIT_RETAIN_SELF = YES;
				CLANG_WARN_OBJC_LITERAL_CONVERSION = YES;
				CLANG_WARN_OBJC_ROOT_CLASS = YES_ERROR;
				CLANG_WARN_RANGE_LOOP_ANALYSIS = YES;
				CLANG_WARN_STRICT_PROTOTYPES = YES;
				CLANG_WARN_SUSPICIOUS_MOVE = YES;
				CLANG_WARN_UNGUARDED_AVAILABILITY = YES_AGGRESSIVE;
				CLANG_WARN_UNREACHABLE_CODE = YES;
				CLANG_WARN__DUPLICATE_METHOD_MATCH = YES;
				CODE_SIGN_IDENTITY = "iPhone Developer";
				COPY_PHASE_STRIP = NO;
				DEBUG_INFORMATION_FORMAT = "dwarf-with-dsym";
				ENABLE_NS_ASSERTIONS = NO;
				ENABLE_STRICT_OBJC_MSGSEND = YES;
				GCC_C_LANGUAGE_STANDARD = gnu11;
				GCC_NO_COMMON_BLOCKS = YES;
				GCC_WARN_64_TO_32_BIT_CONVERSION = YES;
				GCC_WARN_ABOUT_RETURN_TYPE = YES_ERROR;
				GCC_WARN_UNDECLARED_SELECTOR = YES;
				GCC_WARN_UNINITIALIZED_AUTOS = YES_AGGRESSIVE;
				GCC_WARN_UNUSED_FUNCTION = YES;
				GCC_WARN_UNUSED_VARIABLE = YES;
				IPHONEOS_DEPLOYMENT_TARGET = 12.2;
				MTL_ENABLE_DEBUG_INFO = NO;
				MTL_FAST_MATH = YES;
				SDKROOT = iphoneos;
				SWIFT_COMPILATION_MODE = wholemodule;
				SWIFT_OPTIMIZATION_LEVEL = "-O";
				VALIDATE_PRODUCT = YES;
			};
			name = Release;
		};
		9015DA3622F8786C00F7549A /* Debug */ = {
			isa = XCBuildConfiguration;
			buildSettings = {
				ASSETCATALOG_COMPILER_APPICON_NAME = AppIcon;
				CODE_SIGN_STYLE = Automatic;
				DEVELOPMENT_TEAM = L467TVNN7D;
				INFOPLIST_FILE = NewsApp/Info.plist;
				LD_RUNPATH_SEARCH_PATHS = (
					"$(inherited)",
					"@executable_path/Frameworks",
				);
				PRODUCT_BUNDLE_IDENTIFIER = Gontze.NewsApp;
				PRODUCT_NAME = "$(TARGET_NAME)";
				SWIFT_VERSION = 5.0;
				TARGETED_DEVICE_FAMILY = "1,2";
			};
			name = Debug;
		};
		9015DA3722F8786C00F7549A /* Release */ = {
			isa = XCBuildConfiguration;
			buildSettings = {
				ASSETCATALOG_COMPILER_APPICON_NAME = AppIcon;
				CODE_SIGN_STYLE = Automatic;
				DEVELOPMENT_TEAM = L467TVNN7D;
				INFOPLIST_FILE = NewsApp/Info.plist;
				LD_RUNPATH_SEARCH_PATHS = (
					"$(inherited)",
					"@executable_path/Frameworks",
				);
				PRODUCT_BUNDLE_IDENTIFIER = Gontze.NewsApp;
				PRODUCT_NAME = "$(TARGET_NAME)";
				SWIFT_VERSION = 5.0;
				TARGETED_DEVICE_FAMILY = "1,2";
			};
			name = Release;
		};
		9015DA3922F8786C00F7549A /* Debug */ = {
			isa = XCBuildConfiguration;
			buildSettings = {
				ALWAYS_EMBED_SWIFT_STANDARD_LIBRARIES = YES;
				BUNDLE_LOADER = "$(TEST_HOST)";
				CODE_SIGN_STYLE = Automatic;
				DEVELOPMENT_TEAM = L467TVNN7D;
				INFOPLIST_FILE = NewsAppTests/Info.plist;
				LD_RUNPATH_SEARCH_PATHS = (
					"$(inherited)",
					"@executable_path/Frameworks",
					"@loader_path/Frameworks",
				);
				PRODUCT_BUNDLE_IDENTIFIER = Gontze.NewsAppTests;
				PRODUCT_NAME = "$(TARGET_NAME)";
				SWIFT_VERSION = 5.0;
				TARGETED_DEVICE_FAMILY = "1,2";
				TEST_HOST = "$(BUILT_PRODUCTS_DIR)/NewsApp.app/NewsApp";
			};
			name = Debug;
		};
		9015DA3A22F8786C00F7549A /* Release */ = {
			isa = XCBuildConfiguration;
			buildSettings = {
				ALWAYS_EMBED_SWIFT_STANDARD_LIBRARIES = YES;
				BUNDLE_LOADER = "$(TEST_HOST)";
				CODE_SIGN_STYLE = Automatic;
				DEVELOPMENT_TEAM = L467TVNN7D;
				INFOPLIST_FILE = NewsAppTests/Info.plist;
				LD_RUNPATH_SEARCH_PATHS = (
					"$(inherited)",
					"@executable_path/Frameworks",
					"@loader_path/Frameworks",
				);
				PRODUCT_BUNDLE_IDENTIFIER = Gontze.NewsAppTests;
				PRODUCT_NAME = "$(TARGET_NAME)";
				SWIFT_VERSION = 5.0;
				TARGETED_DEVICE_FAMILY = "1,2";
				TEST_HOST = "$(BUILT_PRODUCTS_DIR)/NewsApp.app/NewsApp";
			};
			name = Release;
		};
		9015DA3C22F8786C00F7549A /* Debug */ = {
			isa = XCBuildConfiguration;
			buildSettings = {
				ALWAYS_EMBED_SWIFT_STANDARD_LIBRARIES = YES;
				CODE_SIGN_STYLE = Automatic;
				DEVELOPMENT_TEAM = L467TVNN7D;
				INFOPLIST_FILE = NewsAppUITests/Info.plist;
				LD_RUNPATH_SEARCH_PATHS = (
					"$(inherited)",
					"@executable_path/Frameworks",
					"@loader_path/Frameworks",
				);
				PRODUCT_BUNDLE_IDENTIFIER = Gontze.NewsAppUITests;
				PRODUCT_NAME = "$(TARGET_NAME)";
				SWIFT_VERSION = 5.0;
				TARGETED_DEVICE_FAMILY = "1,2";
				TEST_TARGET_NAME = NewsApp;
			};
			name = Debug;
		};
		9015DA3D22F8786C00F7549A /* Release */ = {
			isa = XCBuildConfiguration;
			buildSettings = {
				ALWAYS_EMBED_SWIFT_STANDARD_LIBRARIES = YES;
				CODE_SIGN_STYLE = Automatic;
				DEVELOPMENT_TEAM = L467TVNN7D;
				INFOPLIST_FILE = NewsAppUITests/Info.plist;
				LD_RUNPATH_SEARCH_PATHS = (
					"$(inherited)",
					"@executable_path/Frameworks",
					"@loader_path/Frameworks",
				);
				PRODUCT_BUNDLE_IDENTIFIER = Gontze.NewsAppUITests;
				PRODUCT_NAME = "$(TARGET_NAME)";
				SWIFT_VERSION = 5.0;
				TARGETED_DEVICE_FAMILY = "1,2";
				TEST_TARGET_NAME = NewsApp;
			};
			name = Release;
		};
/* End XCBuildConfiguration section */

/* Begin XCConfigurationList section */
		9015DA0822F8786A00F7549A /* Build configuration list for PBXProject "NewsApp" */ = {
			isa = XCConfigurationList;
			buildConfigurations = (
				9015DA3322F8786C00F7549A /* Debug */,
				9015DA3422F8786C00F7549A /* Release */,
			);
			defaultConfigurationIsVisible = 0;
			defaultConfigurationName = Release;
		};
		9015DA3522F8786C00F7549A /* Build configuration list for PBXNativeTarget "NewsApp" */ = {
			isa = XCConfigurationList;
			buildConfigurations = (
				9015DA3622F8786C00F7549A /* Debug */,
				9015DA3722F8786C00F7549A /* Release */,
			);
			defaultConfigurationIsVisible = 0;
			defaultConfigurationName = Release;
		};
		9015DA3822F8786C00F7549A /* Build configuration list for PBXNativeTarget "NewsAppTests" */ = {
			isa = XCConfigurationList;
			buildConfigurations = (
				9015DA3922F8786C00F7549A /* Debug */,
				9015DA3A22F8786C00F7549A /* Release */,
			);
			defaultConfigurationIsVisible = 0;
			defaultConfigurationName = Release;
		};
		9015DA3B22F8786C00F7549A /* Build configuration list for PBXNativeTarget "NewsAppUITests" */ = {
			isa = XCConfigurationList;
			buildConfigurations = (
				9015DA3C22F8786C00F7549A /* Debug */,
				9015DA3D22F8786C00F7549A /* Release */,
			);
			defaultConfigurationIsVisible = 0;
			defaultConfigurationName = Release;
		};
/* End XCConfigurationList section */
	};
	rootObject = 9015DA0522F8786A00F7549A /* Project object */;
}
